
Microsoft Visual Studio Solution File, Format Version 12.00
# Visual Studio Version 16
VisualStudioVersion = 16.0.28917.182
MinimumVisualStudioVersion = 10.0.40219.1
Project("{FAE04EC0-301F-11D3-BF4B-00C04F79EFBC}") = "Cyrl2ToteConverter.NetCoreWeb.Example", "Cyrl2ToteConverter.NetCoreWeb.Example\Cyrl2ToteConverter.NetCoreWeb.Example.csproj", "{77C11FC1-DD4F-42DF-A49B-D9B2C9768593}"
EndProject
Global
	GlobalSection(SolutionConfigurationPlatforms) = preSolution
		Debug|Any CPU = Debug|Any CPU
		Release|Any CPU = Release|Any CPU
	EndGlobalSection
	GlobalSection(ProjectConfigurationPlatforms) = postSolution
		{77C11FC1-DD4F-42DF-A49B-D9B2C9768593}.Debug|Any CPU.ActiveCfg = Debug|Any CPU
		{77C11FC1-DD4F-42DF-A49B-D9B2C9768593}.Debug|Any CPU.Build.0 = Debug|Any CPU
		{77C11FC1-DD4F-42DF-A49B-D9B2C9768593}.Release|Any CPU.ActiveCfg = Release|Any CPU
		{77C11FC1-DD4F-42DF-A49B-D9B2C9768593}.Release|Any CPU.Build.0 = Release|Any CPU
	EndGlobalSection
	GlobalSection(SolutionProperties) = preSolution
		HideSolutionNode = FALSE
	EndGlobalSection
	GlobalSection(ExtensibilityGlobals) = postSolution
		SolutionGuid = {5F43BB74-2869-478D-B619-B6CE7D151888}
	EndGlobalSection
EndGlobal
